
Microsoft Visual Studio Solution File, Format Version 12.00
# Visual Studio 15
VisualStudioVersion = 15.0.28307.902
MinimumVisualStudioVersion = 10.0.40219.1
Project("{FAE04EC0-301F-11D3-BF4B-00C04F79EFBC}") = "Wave Diffraction Project", "Wave Diffraction Project\Wave Diffraction Project.csproj", "{AB767BC3-7EB8-4788-808A-6C94FF4B29D2}"
EndProject
Global
	GlobalSection(SolutionConfigurationPlatforms) = preSolution
		Debug|Any CPU = Debug|Any CPU
		Release|Any CPU = Release|Any CPU
	EndGlobalSection
	GlobalSection(ProjectConfigurationPlatforms) = postSolution
		{AB767BC3-7EB8-4788-808A-6C94FF4B29D2}.Debug|Any CPU.ActiveCfg = Debug|Any CPU
		{AB767BC3-7EB8-4788-808A-6C94FF4B29D2}.Debug|Any CPU.Build.0 = Debug|Any CPU
		{AB767BC3-7EB8-4788-808A-6C94FF4B29D2}.Release|Any CPU.ActiveCfg = Release|Any CPU
		{AB767BC3-7EB8-4788-808A-6C94FF4B29D2}.Release|Any CPU.Build.0 = Release|Any CPU
	EndGlobalSection
	GlobalSection(SolutionProperties) = preSolution
		HideSolutionNode = FALSE
	EndGlobalSection
	GlobalSection(ExtensibilityGlobals) = postSolution
		SolutionGuid = {AF9ACA32-E4C4-44AA-AE71-10B276170BE2}
	EndGlobalSection
EndGlobal
